
Microsoft Visual Studio Solution File, Format Version 12.00
# Visual Studio Version 17
VisualStudioVersion = 17.1.32414.318
MinimumVisualStudioVersion = 10.0.40219.1
Project("{FAE04EC0-301F-11D3-BF4B-00C04F79EFBC}") = "CentralServer", "CentralServer\CentralServer.csproj", "{1DBA5B5C-B740-4003-9691-9EC60EB100BA}"
EndProject
Global
	GlobalSection(SolutionConfigurationPlatforms) = preSolution
		Debug|Any CPU = Debug|Any CPU
		Release|Any CPU = Release|Any CPU
	EndGlobalSection
	GlobalSection(ProjectConfigurationPlatforms) = postSolution
		{1DBA5B5C-B740-4003-9691-9EC60EB100BA}.Debug|Any CPU.ActiveCfg = Debug|Any CPU
		{1DBA5B5C-B740-4003-9691-9EC60EB100BA}.Debug|Any CPU.Build.0 = Debug|Any CPU
		{1DBA5B5C-B740-4003-9691-9EC60EB100BA}.Release|Any CPU.ActiveCfg = Release|Any CPU
		{1DBA5B5C-B740-4003-9691-9EC60EB100BA}.Release|Any CPU.Build.0 = Release|Any CPU
	EndGlobalSection
	GlobalSection(SolutionProperties) = preSolution
		HideSolutionNode = FALSE
	EndGlobalSection
	GlobalSection(ExtensibilityGlobals) = postSolution
		SolutionGuid = {6705C1A1-4BE1-43D0-AA64-251A6DC2FA55}
	EndGlobalSection
EndGlobal
